<Solution>
  <Folder Name="/ExtBinaries/">
    <File Path="VersionUp.bat" />
    <File Path="vrinc.exe" />
  </Folder>
  <Folder Name="/TESTS/">
    <Project Path="Tests/flibuget.Core.Tests/flibuget.Core.Tests.csproj" />
    <Project Path="Tests/flibuget.Desktop.Tests/flibuget.Desktop.Tests.csproj" />
    <Project Path="Tests/flibuget.Tests/flibuget.Tests.csproj" />
  </Folder>
  <Project Path="flibuget.Core/flibuget.Core.csproj" />
  <Project Path="flibuget.Desktop/flibuget.Desktop.csproj" />
  <Project Path="flibuget/flibuget.csproj" />
</Solution>
